
Microsoft Visual Studio Solution File, Format Version 12.00
# Visual Studio Version 17
VisualStudioVersion = 17.9.34607.119
MinimumVisualStudioVersion = 10.0.40219.1
Project("{9A19103F-16F7-4668-BE54-9A1E7A4F7556}") = "Catalog.API", "Services\Catalog\Catalog.API\Catalog.API.csproj", "{F94A4156-C2BA-4391-989F-AB42A853F2E4}"
EndProject
Project("{2150E333-8FDC-42A3-9474-1A3956D46DE8}") = "BuildingBlocks", "BuildingBlocks", "{3B282211-C93F-42DA-A3DB-556EBB05EA07}"
EndProject
Project("{9A19103F-16F7-4668-BE54-9A1E7A4F7556}") = "BuildingBlocks", "BuildingBlocks\BuildingBlocks.csproj", "{11CFF6A7-39BB-4322-9A22-0E43A1840431}"
EndProject
Project("{E53339B2-1760-4266-BCC7-CA923CBCF16C}") = "docker-compose", "docker-compose.dcproj", "{2AA288E3-65AA-489C-87E7-5351670C218E}"
EndProject
Project("{2150E333-8FDC-42A3-9474-1A3956D46DE8}") = "Services", "Services", "{2C89ED19-2B68-45DE-AEB7-CF9AA764D145}"
EndProject
Project("{2150E333-8FDC-42A3-9474-1A3956D46DE8}") = "Catalog", "Catalog", "{90033B82-84B4-4086-BB0D-47F059BFE1FC}"
EndProject
Project("{2150E333-8FDC-42A3-9474-1A3956D46DE8}") = "Basket", "Basket", "{0BA25913-7E9F-4F42-8F64-E8F007102A12}"
EndProject
Project("{9A19103F-16F7-4668-BE54-9A1E7A4F7556}") = "Basket.API", "Services\Basket\Basket.API\Basket.API.csproj", "{59E4438C-1183-43CA-BEA8-97215AEF733D}"
EndProject
Project("{2150E333-8FDC-42A3-9474-1A3956D46DE8}") = "Discount", "Discount", "{B4436A56-9400-4266-845E-60E2A91390F5}"
EndProject
Project("{9A19103F-16F7-4668-BE54-9A1E7A4F7556}") = "Discount.Grpc", "Services\Discount\Discount.Grpc\Discount.Grpc.csproj", "{B071C5AD-6624-463E-8196-B5444EE12DA2}"
EndProject
Project("{2150E333-8FDC-42A3-9474-1A3956D46DE8}") = "Ordering", "Ordering", "{822A0133-5ED0-4C58-A575-F42E5EFD20DB}"
EndProject
Project("{9A19103F-16F7-4668-BE54-9A1E7A4F7556}") = "Ordering.Api", "Services\Ordering\Ordering.Api\Ordering.Api.csproj", "{02D30326-D406-4DB9-9130-1A2664DDD34F}"
EndProject
Project("{9A19103F-16F7-4668-BE54-9A1E7A4F7556}") = "Ordering.Domain", "Services\Ordering\Ordering.Domain\Ordering.Domain.csproj", "{263F58F5-656C-463C-AE96-45C8548B1EAB}"
EndProject
Project("{9A19103F-16F7-4668-BE54-9A1E7A4F7556}") = "Ordering.Application", "Services\Ordering\Ordering.Application\Ordering.Application.csproj", "{D807948F-451F-474E-B5FB-B25F9D4AA0C5}"
EndProject
Project("{9A19103F-16F7-4668-BE54-9A1E7A4F7556}") = "Ordering.Infrastructure", "Services\Ordering\Ordering.Infrastructure\Ordering.Infrastructure.csproj", "{DF9721C6-6F5A-4A7D-8190-E2A33D98DFB0}"
EndProject
Project("{FAE04EC0-301F-11D3-BF4B-00C04F79EFBC}") = "BuildingBlocks.Messaging", "BuildingBlocks.Messaging\BuildingBlocks.Messaging.csproj", "{F84455DE-726E-442D-B2C6-9BF98221048C}"
EndProject
Global
	GlobalSection(SolutionConfigurationPlatforms) = preSolution
		Debug|Any CPU = Debug|Any CPU
		Release|Any CPU = Release|Any CPU
	EndGlobalSection
	GlobalSection(ProjectConfigurationPlatforms) = postSolution
		{F94A4156-C2BA-4391-989F-AB42A853F2E4}.Debug|Any CPU.ActiveCfg = Debug|Any CPU
		{F94A4156-C2BA-4391-989F-AB42A853F2E4}.Debug|Any CPU.Build.0 = Debug|Any CPU
		{F94A4156-C2BA-4391-989F-AB42A853F2E4}.Release|Any CPU.ActiveCfg = Release|Any CPU
		{F94A4156-C2BA-4391-989F-AB42A853F2E4}.Release|Any CPU.Build.0 = Release|Any CPU
		{11CFF6A7-39BB-4322-9A22-0E43A1840431}.Debug|Any CPU.ActiveCfg = Debug|Any CPU
		{11CFF6A7-39BB-4322-9A22-0E43A1840431}.Debug|Any CPU.Build.0 = Debug|Any CPU
		{11CFF6A7-39BB-4322-9A22-0E43A1840431}.Release|Any CPU.ActiveCfg = Release|Any CPU
		{11CFF6A7-39BB-4322-9A22-0E43A1840431}.Release|Any CPU.Build.0 = Release|Any CPU
		{2AA288E3-65AA-489C-87E7-5351670C218E}.Debug|Any CPU.ActiveCfg = Debug|Any CPU
		{2AA288E3-65AA-489C-87E7-5351670C218E}.Debug|Any CPU.Build.0 = Debug|Any CPU
		{2AA288E3-65AA-489C-87E7-5351670C218E}.Release|Any CPU.ActiveCfg = Release|Any CPU
		{2AA288E3-65AA-489C-87E7-5351670C218E}.Release|Any CPU.Build.0 = Release|Any CPU
		{59E4438C-1183-43CA-BEA8-97215AEF733D}.Debug|Any CPU.ActiveCfg = Debug|Any CPU
		{59E4438C-1183-43CA-BEA8-97215AEF733D}.Debug|Any CPU.Build.0 = Debug|Any CPU
		{59E4438C-1183-43CA-BEA8-97215AEF733D}.Release|Any CPU.ActiveCfg = Release|Any CPU
		{59E4438C-1183-43CA-BEA8-97215AEF733D}.Release|Any CPU.Build.0 = Release|Any CPU
		{B071C5AD-6624-463E-8196-B5444EE12DA2}.Debug|Any CPU.ActiveCfg = Debug|Any CPU
		{B071C5AD-6624-463E-8196-B5444EE12DA2}.Debug|Any CPU.Build.0 = Debug|Any CPU
		{B071C5AD-6624-463E-8196-B5444EE12DA2}.Release|Any CPU.ActiveCfg = Release|Any CPU
		{B071C5AD-6624-463E-8196-B5444EE12DA2}.Release|Any CPU.Build.0 = Release|Any CPU
		{02D30326-D406-4DB9-9130-1A2664DDD34F}.Debug|Any CPU.ActiveCfg = Debug|Any CPU
		{02D30326-D406-4DB9-9130-1A2664DDD34F}.Debug|Any CPU.Build.0 = Debug|Any CPU
		{02D30326-D406-4DB9-9130-1A2664DDD34F}.Release|Any CPU.ActiveCfg = Release|Any CPU
		{02D30326-D406-4DB9-9130-1A2664DDD34F}.Release|Any CPU.Build.0 = Release|Any CPU
		{263F58F5-656C-463C-AE96-45C8548B1EAB}.Debug|Any CPU.ActiveCfg = Debug|Any CPU
		{263F58F5-656C-463C-AE96-45C8548B1EAB}.Debug|Any CPU.Build.0 = Debug|Any CPU
		{263F58F5-656C-463C-AE96-45C8548B1EAB}.Release|Any CPU.ActiveCfg = Release|Any CPU
		{263F58F5-656C-463C-AE96-45C8548B1EAB}.Release|Any CPU.Build.0 = Release|Any CPU
		{D807948F-451F-474E-B5FB-B25F9D4AA0C5}.Debug|Any CPU.ActiveCfg = Debug|Any CPU
		{D807948F-451F-474E-B5FB-B25F9D4AA0C5}.Debug|Any CPU.Build.0 = Debug|Any CPU
		{D807948F-451F-474E-B5FB-B25F9D4AA0C5}.Release|Any CPU.ActiveCfg = Release|Any CPU
		{D807948F-451F-474E-B5FB-B25F9D4AA0C5}.Release|Any CPU.Build.0 = Release|Any CPU
		{DF9721C6-6F5A-4A7D-8190-E2A33D98DFB0}.Debug|Any CPU.ActiveCfg = Debug|Any CPU
		{DF9721C6-6F5A-4A7D-8190-E2A33D98DFB0}.Debug|Any CPU.Build.0 = Debug|Any CPU
		{DF9721C6-6F5A-4A7D-8190-E2A33D98DFB0}.Release|Any CPU.ActiveCfg = Release|Any CPU
		{DF9721C6-6F5A-4A7D-8190-E2A33D98DFB0}.Release|Any CPU.Build.0 = Release|Any CPU
		{F84455DE-726E-442D-B2C6-9BF98221048C}.Debug|Any CPU.ActiveCfg = Debug|Any CPU
		{F84455DE-726E-442D-B2C6-9BF98221048C}.Debug|Any CPU.Build.0 = Debug|Any CPU
		{F84455DE-726E-442D-B2C6-9BF98221048C}.Release|Any CPU.ActiveCfg = Release|Any CPU
		{F84455DE-726E-442D-B2C6-9BF98221048C}.Release|Any CPU.Build.0 = Release|Any CPU
	EndGlobalSection
	GlobalSection(SolutionProperties) = preSolution
		HideSolutionNode = FALSE
	EndGlobalSection
	GlobalSection(NestedProjects) = preSolution
		{F94A4156-C2BA-4391-989F-AB42A853F2E4} = {90033B82-84B4-4086-BB0D-47F059BFE1FC}
		{11CFF6A7-39BB-4322-9A22-0E43A1840431} = {3B282211-C93F-42DA-A3DB-556EBB05EA07}
		{90033B82-84B4-4086-BB0D-47F059BFE1FC} = {2C89ED19-2B68-45DE-AEB7-CF9AA764D145}
		{0BA25913-7E9F-4F42-8F64-E8F007102A12} = {2C89ED19-2B68-45DE-AEB7-CF9AA764D145}
		{59E4438C-1183-43CA-BEA8-97215AEF733D} = {0BA25913-7E9F-4F42-8F64-E8F007102A12}
		{B4436A56-9400-4266-845E-60E2A91390F5} = {2C89ED19-2B68-45DE-AEB7-CF9AA764D145}
		{B071C5AD-6624-463E-8196-B5444EE12DA2} = {B4436A56-9400-4266-845E-60E2A91390F5}
		{822A0133-5ED0-4C58-A575-F42E5EFD20DB} = {2C89ED19-2B68-45DE-AEB7-CF9AA764D145}
		{02D30326-D406-4DB9-9130-1A2664DDD34F} = {822A0133-5ED0-4C58-A575-F42E5EFD20DB}
		{263F58F5-656C-463C-AE96-45C8548B1EAB} = {822A0133-5ED0-4C58-A575-F42E5EFD20DB}
		{D807948F-451F-474E-B5FB-B25F9D4AA0C5} = {822A0133-5ED0-4C58-A575-F42E5EFD20DB}
		{DF9721C6-6F5A-4A7D-8190-E2A33D98DFB0} = {822A0133-5ED0-4C58-A575-F42E5EFD20DB}
		{F84455DE-726E-442D-B2C6-9BF98221048C} = {3B282211-C93F-42DA-A3DB-556EBB05EA07}
	EndGlobalSection
	GlobalSection(ExtensibilityGlobals) = postSolution
		SolutionGuid = {408FE876-4B90-4C02-8046-BF1BC0F6A114}
	EndGlobalSection
EndGlobal
